dependencies:
- name: agentgateway
  repository: oci://cr.agentgateway.dev/charts
  version: v1.4.0
- name: toolhive-operator
  repository: oci://ghcr.io/stacklok/toolhive
  version: 0.40.1
- name: open-webui
  repository: https://helm.openwebui.com
  version: 15.2.0
digest: sha256:3f713a90616b8fa90c09a768cf02dda8f8590b1a8bd77d887ffa7e4edbd62476
generated: "2026-07-28T08:31:32.210069-04:00"
